# This file is automatically @generated by Cargo.
# It is not intended for manual editing.
version = 4

[[package]]
name = "blueshift-native-flashloan"
version = "0.1.0"
dependencies = [
 "pinocchio 0.8.4",
 "pinocchio-associated-token-account",
 "pinocchio-system",
 "pinocchio-token",
]

[[package]]
name = "five8_const"
version = "0.1.3"
source = "registry+https://github.com/rust-lang/crates.io-index"
checksum = "72b4f62f0f8ca357f93ae90c8c2dd1041a1f665fde2f889ea9b1787903829015"
dependencies = [
 "five8_core",
]

[[package]]
name = "five8_core"
version = "0.1.1"
source = "registry+https://github.com/rust-lang/crates.io-index"
checksum = "94474d15a76982be62ca8a39570dccce148d98c238ebb7408b0a21b2c4bdddc4"

[[package]]
name = "pinocchio"
version = "0.7.1"
source = "registry+https://github.com/rust-lang/crates.io-index"
checksum = "43a8a77bf74e1c4050a2bad53648acfcfbf22b1806473f9c9334a58ef3b38ec4"

[[package]]
name = "pinocchio"
version = "0.8.4"
source = "registry+https://github.com/rust-lang/crates.io-index"
checksum = "7c33b58567c11b07749cefbb8320ac023f3387c57807aeb8e3b1262501b6e9f0"

[[package]]
name = "pinocchio-associated-token-account"
version = "0.1.1"
source = "registry+https://github.com/rust-lang/crates.io-index"
checksum = "b45fffdec0a1d05199b0f67b6b802be32ffc30a5fe29d222d7653865ca57401c"
dependencies = [
 "pinocchio 0.8.4",
 "pinocchio-pubkey",
]

[[package]]
name = "pinocchio-pubkey"
version = "0.2.2"
source = "registry+https://github.com/rust-lang/crates.io-index"
checksum = "103d69776a0c585bb01b344d641346593adb4496120796df229722a9bab2db68"
dependencies = [
 "five8_const",
 "pinocchio 0.7.1",
]

[[package]]
name = "pinocchio-system"
version = "0.2.3"
source = "registry+https://github.com/rust-lang/crates.io-index"
checksum = "1f75423420ae70aa748cf611cab14cfd00af08d0d2d3d258cb0cf5e2880ec19c"
dependencies = [
 "pinocchio 0.8.4",
 "pinocchio-pubkey",
]

[[package]]
name = "pinocchio-token"
version = "0.3.0"
source = "registry+https://github.com/rust-lang/crates.io-index"
checksum = "7d037f645db5ed4df9163362f1716932feb987a82f70caf15d0259cfeef82f4c"
dependencies = [
 "pinocchio 0.8.4",
 "pinocchio-pubkey",
]
